
Microsoft Visual Studio Solution File, Format Version 12.00
# Visual Studio Version 17
VisualStudioVersion = 17.14.37027.9
MinimumVisualStudioVersion = 10.0.40219.1
Project("{FAE04EC0-301F-11D3-BF4B-00C04F79EFBC}") = "Banking_System", "Banking_System.csproj", "{3D0AF179-E360-47DD-B275-E1FFFCFE63E8}"
EndProject
Project("{FAE04EC0-301F-11D3-BF4B-00C04F79EFBC}") = "Application", "..\Application\Application.csproj", "{E130A0F6-DB74-40AF-88CA-36E7B214A023}"
EndProject
Project("{FAE04EC0-301F-11D3-BF4B-00C04F79EFBC}") = "Shared", "..\Shared\Shared.csproj", "{FF4707A4-74F9-408C-8DFA-B558B8DBC4B7}"
EndProject
Project("{FAE04EC0-301F-11D3-BF4B-00C04F79EFBC}") = "Domain", "..\Domain\Domain.csproj", "{C3A32A29-7970-48A8-89A8-06CA796DE244}"
EndProject
Project("{FAE04EC0-301F-11D3-BF4B-00C04F79EFBC}") = "Infrastructure", "..\Infrastructure\Infrastructure.csproj", "{C89F7701-1230-045D-AC93-AE7F7C59B668}"
EndProject
Global
	GlobalSection(SolutionConfigurationPlatforms) = preSolution
		Debug|Any CPU = Debug|Any CPU
		Release|Any CPU = Release|Any CPU
	EndGlobalSection
	GlobalSection(ProjectConfigurationPlatforms) = postSolution
		{3D0AF179-E360-47DD-B275-E1FFFCFE63E8}.Debug|Any CPU.ActiveCfg = Debug|Any CPU
		{3D0AF179-E360-47DD-B275-E1FFFCFE63E8}.Debug|Any CPU.Build.0 = Debug|Any CPU
		{3D0AF179-E360-47DD-B275-E1FFFCFE63E8}.Release|Any CPU.ActiveCfg = Release|Any CPU
		{3D0AF179-E360-47DD-B275-E1FFFCFE63E8}.Release|Any CPU.Build.0 = Release|Any CPU
		{E130A0F6-DB74-40AF-88CA-36E7B214A023}.Debug|Any CPU.ActiveCfg = Debug|Any CPU
		{E130A0F6-DB74-40AF-88CA-36E7B214A023}.Debug|Any CPU.Build.0 = Debug|Any CPU
		{E130A0F6-DB74-40AF-88CA-36E7B214A023}.Release|Any CPU.ActiveCfg = Release|Any CPU
		{E130A0F6-DB74-40AF-88CA-36E7B214A023}.Release|Any CPU.Build.0 = Release|Any CPU
		{FF4707A4-74F9-408C-8DFA-B558B8DBC4B7}.Debug|Any CPU.ActiveCfg = Debug|Any CPU
		{FF4707A4-74F9-408C-8DFA-B558B8DBC4B7}.Debug|Any CPU.Build.0 = Debug|Any CPU
		{FF4707A4-74F9-408C-8DFA-B558B8DBC4B7}.Release|Any CPU.ActiveCfg = Release|Any CPU
		{FF4707A4-74F9-408C-8DFA-B558B8DBC4B7}.Release|Any CPU.Build.0 = Release|Any CPU
		{C3A32A29-7970-48A8-89A8-06CA796DE244}.Debug|Any CPU.ActiveCfg = Debug|Any CPU
		{C3A32A29-7970-48A8-89A8-06CA796DE244}.Debug|Any CPU.Build.0 = Debug|Any CPU
		{C3A32A29-7970-48A8-89A8-06CA796DE244}.Release|Any CPU.ActiveCfg = Release|Any CPU
		{C3A32A29-7970-48A8-89A8-06CA796DE244}.Release|Any CPU.Build.0 = Release|Any CPU
		{C89F7701-1230-045D-AC93-AE7F7C59B668}.Debug|Any CPU.ActiveCfg = Debug|Any CPU
		{C89F7701-1230-045D-AC93-AE7F7C59B668}.Debug|Any CPU.Build.0 = Debug|Any CPU
		{C89F7701-1230-045D-AC93-AE7F7C59B668}.Release|Any CPU.ActiveCfg = Release|Any CPU
		{C89F7701-1230-045D-AC93-AE7F7C59B668}.Release|Any CPU.Build.0 = Release|Any CPU
	EndGlobalSection
	GlobalSection(SolutionProperties) = preSolution
		HideSolutionNode = FALSE
	EndGlobalSection
	GlobalSection(ExtensibilityGlobals) = postSolution
		SolutionGuid = {80AEEF2F-06AC-4A33-92D7-8D30CD266B39}
	EndGlobalSection
EndGlobal
